
Microsoft Visual Studio Solution File, Format Version 12.00
# Visual Studio Version 17
VisualStudioVersion = 17.2.32526.322
MinimumVisualStudioVersion = 10.0.40219.1
Project("{9A19103F-16F7-4668-BE54-9A1E7A4F7556}") = "UsersDB", "UsersDB.csproj", "{DF58A262-A97E-4BA0-8DFE-8672A517D077}"
EndProject
Project("{9A19103F-16F7-4668-BE54-9A1E7A4F7556}") = "UsersAPI", "..\API\UsersAPI.csproj", "{6627C07E-F41B-4846-9F60-DBFE6F48C7F6}"
EndProject
Project("{9A19103F-16F7-4668-BE54-9A1E7A4F7556}") = "UsersDTO", "..\UsersDTO\UsersDTO.csproj", "{6D79251D-18BA-4A0B-9B4B-4DC693E84A1C}"
EndProject
Global
	GlobalSection(SolutionConfigurationPlatforms) = preSolution
		Debug|Any CPU = Debug|Any CPU
		Release|Any CPU = Release|Any CPU
	EndGlobalSection
	GlobalSection(ProjectConfigurationPlatforms) = postSolution
		{DF58A262-A97E-4BA0-8DFE-8672A517D077}.Debug|Any CPU.ActiveCfg = Debug|Any CPU
		{DF58A262-A97E-4BA0-8DFE-8672A517D077}.Debug|Any CPU.Build.0 = Debug|Any CPU
		{DF58A262-A97E-4BA0-8DFE-8672A517D077}.Release|Any CPU.ActiveCfg = Release|Any CPU
		{DF58A262-A97E-4BA0-8DFE-8672A517D077}.Release|Any CPU.Build.0 = Release|Any CPU
		{6627C07E-F41B-4846-9F60-DBFE6F48C7F6}.Debug|Any CPU.ActiveCfg = Debug|Any CPU
		{6627C07E-F41B-4846-9F60-DBFE6F48C7F6}.Debug|Any CPU.Build.0 = Debug|Any CPU
		{6627C07E-F41B-4846-9F60-DBFE6F48C7F6}.Release|Any CPU.ActiveCfg = Release|Any CPU
		{6627C07E-F41B-4846-9F60-DBFE6F48C7F6}.Release|Any CPU.Build.0 = Release|Any CPU
		{6D79251D-18BA-4A0B-9B4B-4DC693E84A1C}.Debug|Any CPU.ActiveCfg = Debug|Any CPU
		{6D79251D-18BA-4A0B-9B4B-4DC693E84A1C}.Debug|Any CPU.Build.0 = Debug|Any CPU
		{6D79251D-18BA-4A0B-9B4B-4DC693E84A1C}.Release|Any CPU.ActiveCfg = Release|Any CPU
		{6D79251D-18BA-4A0B-9B4B-4DC693E84A1C}.Release|Any CPU.Build.0 = Release|Any CPU
	EndGlobalSection
	GlobalSection(SolutionProperties) = preSolution
		HideSolutionNode = FALSE
	EndGlobalSection
	GlobalSection(ExtensibilityGlobals) = postSolution
		SolutionGuid = {192A0441-411C-4BF7-8DBA-922213A5E222}
	EndGlobalSection
EndGlobal
