
Microsoft Visual Studio Solution File, Format Version 12.00
# Visual Studio Version 17
VisualStudioVersion = 17.2.32526.322
MinimumVisualStudioVersion = 10.0.40219.1
Project("{9A19103F-16F7-4668-BE54-9A1E7A4F7556}") = "UsersAPI", "UsersAPI\UsersAPI.csproj", "{3D6D3F02-D246-4EEF-8EC4-BF596ACF59A6}"
EndProject
Project("{9A19103F-16F7-4668-BE54-9A1E7A4F7556}") = "UsersDTO", "UsersDTO\UsersDTO.csproj", "{EC026297-E75A-4132-9453-710EBC6C8C6B}"
EndProject
Project("{9A19103F-16F7-4668-BE54-9A1E7A4F7556}") = "UsersWeb", "UsersWeb\UsersWeb.csproj", "{10754FA9-624B-46F2-A870-023C8C90EE6A}"
EndProject
Project("{FAE04EC0-301F-11D3-BF4B-00C04F79EFBC}") = "UsersWebTests", "UsersWebTests\UsersWebTests.csproj", "{50023F7E-295D-40F4-8F9A-731BBD7EA506}"
EndProject
Global
	GlobalSection(SolutionConfigurationPlatforms) = preSolution
		Debug|Any CPU = Debug|Any CPU
		Release|Any CPU = Release|Any CPU
	EndGlobalSection
	GlobalSection(ProjectConfigurationPlatforms) = postSolution
		{3D6D3F02-D246-4EEF-8EC4-BF596ACF59A6}.Debug|Any CPU.ActiveCfg = Debug|Any CPU
		{3D6D3F02-D246-4EEF-8EC4-BF596ACF59A6}.Debug|Any CPU.Build.0 = Debug|Any CPU
		{3D6D3F02-D246-4EEF-8EC4-BF596ACF59A6}.Release|Any CPU.ActiveCfg = Release|Any CPU
		{3D6D3F02-D246-4EEF-8EC4-BF596ACF59A6}.Release|Any CPU.Build.0 = Release|Any CPU
		{EC026297-E75A-4132-9453-710EBC6C8C6B}.Debug|Any CPU.ActiveCfg = Debug|Any CPU
		{EC026297-E75A-4132-9453-710EBC6C8C6B}.Debug|Any CPU.Build.0 = Debug|Any CPU
		{EC026297-E75A-4132-9453-710EBC6C8C6B}.Release|Any CPU.ActiveCfg = Release|Any CPU
		{EC026297-E75A-4132-9453-710EBC6C8C6B}.Release|Any CPU.Build.0 = Release|Any CPU
		{10754FA9-624B-46F2-A870-023C8C90EE6A}.Debug|Any CPU.ActiveCfg = Debug|Any CPU
		{10754FA9-624B-46F2-A870-023C8C90EE6A}.Debug|Any CPU.Build.0 = Debug|Any CPU
		{10754FA9-624B-46F2-A870-023C8C90EE6A}.Release|Any CPU.ActiveCfg = Release|Any CPU
		{10754FA9-624B-46F2-A870-023C8C90EE6A}.Release|Any CPU.Build.0 = Release|Any CPU
		{50023F7E-295D-40F4-8F9A-731BBD7EA506}.Debug|Any CPU.ActiveCfg = Debug|Any CPU
		{50023F7E-295D-40F4-8F9A-731BBD7EA506}.Debug|Any CPU.Build.0 = Debug|Any CPU
		{50023F7E-295D-40F4-8F9A-731BBD7EA506}.Release|Any CPU.ActiveCfg = Release|Any CPU
		{50023F7E-295D-40F4-8F9A-731BBD7EA506}.Release|Any CPU.Build.0 = Release|Any CPU
	EndGlobalSection
	GlobalSection(SolutionProperties) = preSolution
		HideSolutionNode = FALSE
	EndGlobalSection
	GlobalSection(ExtensibilityGlobals) = postSolution
		SolutionGuid = {192A0441-411C-4BF7-8DBA-922213A5E222}
	EndGlobalSection
EndGlobal
